// !$*UTF8*$!
{
	archiveVersion = 1;
	classes = {
	};
	objectVersion = 50;
	objects = {

/* Begin PBXBuildFile section */
		223D32B621FD2733005EA089 /* AppDelegate.swift in Sources */ = {isa = PBXBuildFile; fileRef = 223D32B521FD2733005EA089 /* AppDelegate.swift */; };
		223D32B821FD2733005EA089 /* LoginViewController.swift in Sources */ = {isa = PBXBuildFile; fileRef = 223D32B721FD2733005EA089 /* LoginViewController.swift */; };
		223D32C021FD2736005EA089 /* LaunchScreen.storyboard in Resources */ = {isa = PBXBuildFile; fileRef = 223D32BE21FD2736005EA089 /* LaunchScreen.storyboard */; };
		223D32CB21FD2736005EA089 /* MoviesTests.swift in Sources */ = {isa = PBXBuildFile; fileRef = 223D32CA21FD2736005EA089 /* MoviesTests.swift */; };
		223D32D621FD2737005EA089 /* MoviesUITests.swift in Sources */ = {isa = PBXBuildFile; fileRef = 223D32D521FD2737005EA089 /* MoviesUITests.swift */; };
		223D32E422028DAD005EA089 /* HomeViewController.swift in Sources */ = {isa = PBXBuildFile; fileRef = 223D32E322028DAD005EA089 /* HomeViewController.swift */; };
		223D32E622041252005EA089 /* MovieDetailViewController.swift in Sources */ = {isa = PBXBuildFile; fileRef = 223D32E522041252005EA089 /* MovieDetailViewController.swift */; };
		2262144F222474F400C7265B /* DateOptionCollectionViewCell.swift in Sources */ = {isa = PBXBuildFile; fileRef = 2262144E222474F400C7265B /* DateOptionCollectionViewCell.swift */; };
		2262145422247BD400C7265B /* Assets.xcassets in Resources */ = {isa = PBXBuildFile; fileRef = 2262145322247BD400C7265B /* Assets.xcassets */; };
		226214562224A61900C7265B /* CinemaOptionTableViewCell.swift in Sources */ = {isa = PBXBuildFile; fileRef = 226214552224A61900C7265B /* CinemaOptionTableViewCell.swift */; };
		226214592224A63300C7265B /* Movies in Resources */ = {isa = PBXBuildFile; fileRef = 226214582224A63300C7265B /* Movies */; };
		2262145D2224A9F500C7265B /* ShowTimeCollectionViewCell.swift in Sources */ = {isa = PBXBuildFile; fileRef = 2262145C2224A9F500C7265B /* ShowTimeCollectionViewCell.swift */; };
		2262145F2224B51900C7265B /* SelectSeatViewController.swift in Sources */ = {isa = PBXBuildFile; fileRef = 2262145E2224B51900C7265B /* SelectSeatViewController.swift */; };
		226214612224C0C500C7265B /* MovieSelectionCard.swift in Sources */ = {isa = PBXBuildFile; fileRef = 226214602224C0C500C7265B /* MovieSelectionCard.swift */; };
		226214632224CB4B00C7265B /* PayoutCard.swift in Sources */ = {isa = PBXBuildFile; fileRef = 226214622224CB4B00C7265B /* PayoutCard.swift */; };
		226214652224D39400C7265B /* RecieptViewController.swift in Sources */ = {isa = PBXBuildFile; fileRef = 226214642224D39400C7265B /* RecieptViewController.swift */; };
		22DEE06A2222111B00101661 /* MovieDetailCard.swift in Sources */ = {isa = PBXBuildFile; fileRef = 22DEE0692222111B00101661 /* MovieDetailCard.swift */; };
		40392513AFE9EE4845B0957E /* Pods_MoviesUITests.framework in Frameworks */ = {isa = PBXBuildFile; fileRef = D46A48F2AFEEA67CF82B92B1 /* Pods_MoviesUITests.framework */; };
		439B2A34E47262C55E92D0BE /* Pods_Movies.framework in Frameworks */ = {isa = PBXBuildFile; fileRef = 37BB6A469E3A4CE4729AE7F8 /* Pods_Movies.framework */; };
		65FC21AC6944C923C957CC24 /* Pods_MoviesTests.framework in Frameworks */ = {isa = PBXBuildFile; fileRef = 030A3A8FDB8AC15DF155D987 /* Pods_MoviesTests.framework */; };
/* End PBXBuildFile section */

/* Begin PBXContainerItemProxy section */
		223D32C721FD2736005EA089 /* PBXContainerItemProxy */ = {
			isa = PBXContainerItemProxy;
			containerPortal = 223D32AA21FD2733005EA089 /* Project object */;
			proxyType = 1;
			remoteGlobalIDString = 223D32B121FD2733005EA089;
			remoteInfo = Movies;
		};
		223D32D221FD2737005EA089 /* PBXContainerItemProxy */ = {
			isa = PBXContainerItemProxy;
			containerPortal = 223D32AA21FD2733005EA089 /* Project object */;
			proxyType = 1;
			remoteGlobalIDString = 223D32B121FD2733005EA089;
			remoteInfo = Movies;
		};
/* End PBXContainerItemProxy section */

/* Begin PBXFileReference section */
		030A3A8FDB8AC15DF155D987 /* Pods_MoviesTests.framework */ = {isa = PBXFileReference; explicitFileType = wrapper.framework; includeInIndex = 0; path = Pods_MoviesTests.framework; sourceTree = BUILT_PRODUCTS_DIR; };
		210469A2886CE2EAAC60A64E /* Pods-Movies.debug.xcconfig */ = {isa = PBXFileReference; includeInIndex = 1; lastKnownFileType = text.xcconfig; name = "Pods-Movies.debug.xcconfig"; path = "Pods/Target Support Files/Pods-Movies/Pods-Movies.debug.xcconfig"; sourceTree = "<group>"; };
		223D32B221FD2733005EA089 /* Eric-Movies.app */ = {isa = PBXFileReference; explicitFileType = wrapper.application; includeInIndex = 0; path = "Eric-Movies.app"; sourceTree = BUILT_PRODUCTS_DIR; };
		223D32B521FD2733005EA089 /* AppDelegate.swift */ = {isa = PBXFileReference; lastKnownFileType = sourcecode.swift; path = AppDelegate.swift; sourceTree = "<group>"; };
		223D32B721FD2733005EA089 /* LoginViewController.swift */ = {isa = PBXFileReference; lastKnownFileType = sourcecode.swift; path = LoginViewController.swift; sourceTree = "<group>"; };
		223D32BF21FD2736005EA089 /* Base */ = {isa = PBXFileReference; lastKnownFileType = file.storyboard; name = Base; path = Base.lproj/LaunchScreen.storyboard; sourceTree = "<group>"; };
		223D32C121FD2736005EA089 /* Info.plist */ = {isa = PBXFileReference; lastKnownFileType = text.plist.xml; path = Info.plist; sourceTree = "<group>"; };
		223D32C621FD2736005EA089 /* MoviesTests.xctest */ = {isa = PBXFileReference; explicitFileType = wrapper.cfbundle; includeInIndex = 0; path = MoviesTests.xctest; sourceTree = BUILT_PRODUCTS_DIR; };
		223D32CA21FD2736005EA089 /* MoviesTests.swift */ = {isa = PBXFileReference; lastKnownFileType = sourcecode.swift; path = MoviesTests.swift; sourceTree = "<group>"; };
		223D32CC21FD2737005EA089 /* Info.plist */ = {isa = PBXFileReference; lastKnownFileType = text.plist.xml; path = Info.plist; sourceTree = "<group>"; };
		223D32D121FD2737005EA089 /* MoviesUITests.xctest */ = {isa = PBXFileReference; explicitFileType = wrapper.cfbundle; includeInIndex = 0; path = MoviesUITests.xctest; sourceTree = BUILT_PRODUCTS_DIR; };
		223D32D521FD2737005EA089 /* MoviesUITests.swift */ = {isa = PBXFileReference; lastKnownFileType = sourcecode.swift; path = MoviesUITests.swift; sourceTree = "<group>"; };
		223D32D721FD2737005EA089 /* Info.plist */ = {isa = PBXFileReference; lastKnownFileType = text.plist.xml; path = Info.plist; sourceTree = "<group>"; };
		223D32E322028DAD005EA089 /* HomeViewController.swift */ = {isa = PBXFileReference; lastKnownFileType = sourcecode.swift; path = HomeViewController.swift; sourceTree = "<group>"; };
		223D32E522041252005EA089 /* MovieDetailViewController.swift */ = {isa = PBXFileReference; lastKnownFileType = sourcecode.swift; path = MovieDetailViewController.swift; sourceTree = "<group>"; };
		2262144E222474F400C7265B /* DateOptionCollectionViewCell.swift */ = {isa = PBXFileReference; lastKnownFileType = sourcecode.swift; path = DateOptionCollectionViewCell.swift; sourceTree = "<group>"; };
		2262145322247BD400C7265B /* Assets.xcassets */ = {isa = PBXFileReference; lastKnownFileType = folder.assetcatalog; name = Assets.xcassets; path = ../../../.Trash/Assets.xcassets; sourceTree = "<group>"; };
		226214552224A61900C7265B /* CinemaOptionTableViewCell.swift */ = {isa = PBXFileReference; lastKnownFileType = sourcecode.swift; path = CinemaOptionTableViewCell.swift; sourceTree = "<group>"; };
		226214582224A63300C7265B /* Movies */ = {isa = PBXFileReference; lastKnownFileType = folder; path = Movies; sourceTree = "<group>"; };
		2262145C2224A9F500C7265B /* ShowTimeCollectionViewCell.swift */ = {isa = PBXFileReference; lastKnownFileType = sourcecode.swift; path = ShowTimeCollectionViewCell.swift; sourceTree = "<group>"; };
		2262145E2224B51900C7265B /* SelectSeatViewController.swift */ = {isa = PBXFileReference; lastKnownFileType = sourcecode.swift; path = SelectSeatViewController.swift; sourceTree = "<group>"; };
		226214602224C0C500C7265B /* MovieSelectionCard.swift */ = {isa = PBXFileReference; lastKnownFileType = sourcecode.swift; path = MovieSelectionCard.swift; sourceTree = "<group>"; };
		226214622224CB4B00C7265B /* PayoutCard.swift */ = {isa = PBXFileReference; lastKnownFileType = sourcecode.swift; path = PayoutCard.swift; sourceTree = "<group>"; };
		226214642224D39400C7265B /* RecieptViewController.swift */ = {isa = PBXFileReference; lastKnownFileType = sourcecode.swift; path = RecieptViewController.swift; sourceTree = "<group>"; };
		22DEE0692222111B00101661 /* MovieDetailCard.swift */ = {isa = PBXFileReference; lastKnownFileType = sourcecode.swift; path = MovieDetailCard.swift; sourceTree = "<group>"; };
		37BB6A469E3A4CE4729AE7F8 /* Pods_Movies.framework */ = {isa = PBXFileReference; explicitFileType = wrapper.framework; includeInIndex = 0; path = Pods_Movies.framework; sourceTree = BUILT_PRODUCTS_DIR; };
		5E7265A27E2D64F29FEEEA82 /* Pods-MoviesTests.debug.xcconfig */ = {isa = PBXFileReference; includeInIndex = 1; lastKnownFileType = text.xcconfig; name = "Pods-MoviesTests.debug.xcconfig"; path = "Pods/Target Support Files/Pods-MoviesTests/Pods-MoviesTests.debug.xcconfig"; sourceTree = "<group>"; };
		6022A40F8889C96377023B21 /* Pods-Movies.release.xcconfig */ = {isa = PBXFileReference; includeInIndex = 1; lastKnownFileType = text.xcconfig; name = "Pods-Movies.release.xcconfig"; path = "Pods/Target Support Files/Pods-Movies/Pods-Movies.release.xcconfig"; sourceTree = "<group>"; };
		91FEC5000C300EBE2AB6EF44 /* Pods-MoviesUITests.release.xcconfig */ = {isa = PBXFileReference; includeInIndex = 1; lastKnownFileType = text.xcconfig; name = "Pods-MoviesUITests.release.xcconfig"; path = "Pods/Target Support Files/Pods-MoviesUITests/Pods-MoviesUITests.release.xcconfig"; sourceTree = "<group>"; };
		D46A48F2AFEEA67CF82B92B1 /* Pods_MoviesUITests.framework */ = {isa = PBXFileReference; explicitFileType = wrapper.framework; includeInIndex = 0; path = Pods_MoviesUITests.framework; sourceTree = BUILT_PRODUCTS_DIR; };
		DA2E83F5D3CE8C95410CB724 /* Pods-MoviesTests.release.xcconfig */ = {isa = PBXFileReference; includeInIndex = 1; lastKnownFileType = text.xcconfig; name = "Pods-MoviesTests.release.xcconfig"; path = "Pods/Target Support Files/Pods-MoviesTests/Pods-MoviesTests.release.xcconfig"; sourceTree = "<group>"; };
		DD368F0979881856F6691556 /* Pods-MoviesUITests.debug.xcconfig */ = {isa = PBXFileReference; includeInIndex = 1; lastKnownFileType = text.xcconfig; name = "Pods-MoviesUITests.debug.xcconfig"; path = "Pods/Target Support Files/Pods-MoviesUITests/Pods-MoviesUITests.debug.xcconfig"; sourceTree = "<group>"; };
/* End PBXFileReference section */

/* Begin PBXFrameworksBuildPhase section */
		223D32AF21FD2733005EA089 /* Frameworks */ = {
			isa = PBXFrameworksBuildPhase;
			buildActionMask = 2147483647;
			files = (
				439B2A34E47262C55E92D0BE /* Pods_Movies.framework in Frameworks */,
			);
			runOnlyForDeploymentPostprocessing = 0;
		};
		223D32C321FD2736005EA089 /* Frameworks */ = {
			isa = PBXFrameworksBuildPhase;
			buildActionMask = 2147483647;
			files = (
				65FC21AC6944C923C957CC24 /* Pods_MoviesTests.framework in Frameworks */,
			);
			runOnlyForDeploymentPostprocessing = 0;
		};
		223D32CE21FD2737005EA089 /* Frameworks */ = {
			isa = PBXFrameworksBuildPhase;
			buildActionMask = 2147483647;
			files = (
				40392513AFE9EE4845B0957E /* Pods_MoviesUITests.framework in Frameworks */,
			);
			runOnlyForDeploymentPostprocessing = 0;
		};
/* End PBXFrameworksBuildPhase section */

/* Begin PBXGroup section */
		223D32A921FD2733005EA089 = {
			isa = PBXGroup;
			children = (
				223D32B421FD2733005EA089 /* Movies */,
				226214582224A63300C7265B /* Movies */,
				223D32C921FD2736005EA089 /* MoviesTests */,
				223D32D421FD2737005EA089 /* MoviesUITests */,
				223D32B321FD2733005EA089 /* Products */,
				A1F4F5D100905FF1C05201AF /* Pods */,
				C6D4912D1365E54B7FF87360 /* Frameworks */,
			);
			sourceTree = "<group>";
		};
		223D32B321FD2733005EA089 /* Products */ = {
			isa = PBXGroup;
			children = (
				223D32B221FD2733005EA089 /* Eric-Movies.app */,
				223D32C621FD2736005EA089 /* MoviesTests.xctest */,
				223D32D121FD2737005EA089 /* MoviesUITests.xctest */,
			);
			name = Products;
			sourceTree = "<group>";
		};
		223D32B421FD2733005EA089 /* Movies */ = {
			isa = PBXGroup;
			children = (
				2262145B2224A70100C7265B /* Views */,
				2262145A2224A6EC00C7265B /* View Controllers */,
				226214572224A62100C7265B /* Cells */,
				2262145322247BD400C7265B /* Assets.xcassets */,
				223D32B521FD2733005EA089 /* AppDelegate.swift */,
				223D32BE21FD2736005EA089 /* LaunchScreen.storyboard */,
				223D32C121FD2736005EA089 /* Info.plist */,
			);
			path = Movies;
			sourceTree = "<group>";
		};
		223D32C921FD2736005EA089 /* MoviesTests */ = {
			isa = PBXGroup;
			children = (
				223D32CA21FD2736005EA089 /* MoviesTests.swift */,
				223D32CC21FD2737005EA089 /* Info.plist */,
			);
			path = MoviesTests;
			sourceTree = "<group>";
		};
		223D32D421FD2737005EA089 /* MoviesUITests */ = {
			isa = PBXGroup;
			children = (
				223D32D521FD2737005EA089 /* MoviesUITests.swift */,
				223D32D721FD2737005EA089 /* Info.plist */,
			);
			path = MoviesUITests;
			sourceTree = "<group>";
		};
		226214572224A62100C7265B /* Cells */ = {
			isa = PBXGroup;
			children = (
				226214552224A61900C7265B /* CinemaOptionTableViewCell.swift */,
				2262144E222474F400C7265B /* DateOptionCollectionViewCell.swift */,
				2262145C2224A9F500C7265B /* ShowTimeCollectionViewCell.swift */,
			);
			path = Cells;
			sourceTree = "<group>";
		};
		2262145A2224A6EC00C7265B /* View Controllers */ = {
			isa = PBXGroup;
			children = (
				223D32B721FD2733005EA089 /* LoginViewController.swift */,
				223D32E322028DAD005EA089 /* HomeViewController.swift */,
				223D32E522041252005EA089 /* MovieDetailViewController.swift */,
				2262145E2224B51900C7265B /* SelectSeatViewController.swift */,
				226214642224D39400C7265B /* RecieptViewController.swift */,
			);
			path = "View Controllers";
			sourceTree = "<group>";
		};
		2262145B2224A70100C7265B /* Views */ = {
			isa = PBXGroup;
			children = (
				22DEE0692222111B00101661 /* MovieDetailCard.swift */,
				226214602224C0C500C7265B /* MovieSelectionCard.swift */,
				226214622224CB4B00C7265B /* PayoutCard.swift */,
			);
			path = Views;
			sourceTree = "<group>";
		};
		A1F4F5D100905FF1C05201AF /* Pods */ = {
			isa = PBXGroup;
			children = (
				210469A2886CE2EAAC60A64E /* Pods-Movies.debug.xcconfig */,
				6022A40F8889C96377023B21 /* Pods-Movies.release.xcconfig */,
				5E7265A27E2D64F29FEEEA82 /* Pods-MoviesTests.debug.xcconfig */,
				DA2E83F5D3CE8C95410CB724 /* Pods-MoviesTests.release.xcconfig */,
				DD368F0979881856F6691556 /* Pods-MoviesUITests.debug.xcconfig */,
				91FEC5000C300EBE2AB6EF44 /* Pods-MoviesUITests.release.xcconfig */,
			);
			name = Pods;
			sourceTree = "<group>";
		};
		C6D4912D1365E54B7FF87360 /* Frameworks */ = {
			isa = PBXGroup;
			children = (
				37BB6A469E3A4CE4729AE7F8 /* Pods_Movies.framework */,
				030A3A8FDB8AC15DF155D987 /* Pods_MoviesTests.framework */,
				D46A48F2AFEEA67CF82B92B1 /* Pods_MoviesUITests.framework */,
			);
			name = Frameworks;
			sourceTree = "<group>";
		};
/* End PBXGroup section */

/* Begin PBXNativeTarget section */
		223D32B121FD2733005EA089 /* Movies */ = {
			isa = PBXNativeTarget;
			buildConfigurationList = 223D32DA21FD2737005EA089 /* Build configuration list for PBXNativeTarget "Movies" */;
			buildPhases = (
				418F1BA245391AA8DFE34BE6 /* [CP] Check Pods Manifest.lock */,
				223D32AE21FD2733005EA089 /* Sources */,
				223D32AF21FD2733005EA089 /* Frameworks */,
				223D32B021FD2733005EA089 /* Resources */,
				4A03D0BBEECF3E6A848683A4 /* [CP] Embed Pods Frameworks */,
			);
			buildRules = (
			);
			dependencies = (
			);
			name = Movies;
			productName = Movies;
			productReference = 223D32B221FD2733005EA089 /* Eric-Movies.app */;
			productType = "com.apple.product-type.application";
		};
		223D32C521FD2736005EA089 /* MoviesTests */ = {
			isa = PBXNativeTarget;
			buildConfigurationList = 223D32DD21FD2737005EA089 /* Build configuration list for PBXNativeTarget "MoviesTests" */;
			buildPhases = (
				24FB8BE10B377EDC6F1A1AF9 /* [CP] Check Pods Manifest.lock */,
				223D32C221FD2736005EA089 /* Sources */,
				223D32C321FD2736005EA089 /* Frameworks */,
				223D32C421FD2736005EA089 /* Resources */,
			);
			buildRules = (
			);
			dependencies = (
				223D32C821FD2736005EA089 /* PBXTargetDependency */,
			);
			name = MoviesTests;
			productName = MoviesTests;
			productReference = 223D32C621FD2736005EA089 /* MoviesTests.xctest */;
			productType = "com.apple.product-type.bundle.unit-test";
		};
		223D32D021FD2737005EA089 /* MoviesUITests */ = {
			isa = PBXNativeTarget;
			buildConfigurationList = 223D32E021FD2737005EA089 /* Build configuration list for PBXNativeTarget "MoviesUITests" */;
			buildPhases = (
				3C056FFD9455DC1E426BC615 /* [CP] Check Pods Manifest.lock */,
				223D32CD21FD2737005EA089 /* Sources */,
				223D32CE21FD2737005EA089 /* Frameworks */,
				223D32CF21FD2737005EA089 /* Resources */,
			);
			buildRules = (
			);
			dependencies = (
				223D32D321FD2737005EA089 /* PBXTargetDependency */,
			);
			name = MoviesUITests;
			productName = MoviesUITests;
			productReference = 223D32D121FD2737005EA089 /* MoviesUITests.xctest */;
			productType = "com.apple.product-type.bundle.ui-testing";
		};
/* End PBXNativeTarget section */

/* Begin PBXProject section */
		223D32AA21FD2733005EA089 /* Project object */ = {
			isa = PBXProject;
			attributes = {
				LastSwiftUpdateCheck = 1010;
				LastUpgradeCheck = 1010;
				ORGANIZATIONNAME = "Omar Rasheed";
				TargetAttributes = {
					223D32B121FD2733005EA089 = {
						CreatedOnToolsVersion = 10.1;
					};
					223D32C521FD2736005EA089 = {
						CreatedOnToolsVersion = 10.1;
						TestTargetID = 223D32B121FD2733005EA089;
					};
					223D32D021FD2737005EA089 = {
						CreatedOnToolsVersion = 10.1;
						TestTargetID = 223D32B121FD2733005EA089;
					};
				};
			};
			buildConfigurationList = 223D32AD21FD2733005EA089 /* Build configuration list for PBXProject "Movies" */;
			compatibilityVersion = "Xcode 9.3";
			developmentRegion = en;
			hasScannedForEncodings = 0;
			knownRegions = (
				en,
				Base,
			);
			mainGroup = 223D32A921FD2733005EA089;
			productRefGroup = 223D32B321FD2733005EA089 /* Products */;
			projectDirPath = "";
			projectRoot = "";
			targets = (
				223D32B121FD2733005EA089 /* Movies */,
				223D32C521FD2736005EA089 /* MoviesTests */,
				223D32D021FD2737005EA089 /* MoviesUITests */,
			);
		};
/* End PBXProject section */

/* Begin PBXResourcesBuildPhase section */
		223D32B021FD2733005EA089 /* Resources */ = {
			isa = PBXResourcesBuildPhase;
			buildActionMask = 2147483647;
			files = (
				2262145422247BD400C7265B /* Assets.xcassets in Resources */,
				226214592224A63300C7265B /* Movies in Resources */,
				223D32C021FD2736005EA089 /* LaunchScreen.storyboard in Resources */,
			);
			runOnlyForDeploymentPostprocessing = 0;
		};
		223D32C421FD2736005EA089 /* Resources */ = {
			isa = PBXResourcesBuildPhase;
			buildActionMask = 2147483647;
			files = (
			);
			runOnlyForDeploymentPostprocessing = 0;
		};
		223D32CF21FD2737005EA089 /* Resources */ = {
			isa = PBXResourcesBuildPhase;
			buildActionMask = 2147483647;
			files = (
			);
			runOnlyForDeploymentPostprocessing = 0;
		};
/* End PBXResourcesBuildPhase section */

/* Begin PBXShellScriptBuildPhase section */
		24FB8BE10B377EDC6F1A1AF9 /* [CP] Check Pods Manifest.lock */ = {
			isa = PBXShellScriptBuildPhase;
			buildActionMask = 2147483647;
			files = (
			);
			inputFileListPaths = (
			);
			inputPaths = (
				"${PODS_PODFILE_DIR_PATH}/Podfile.lock",
				"${PODS_ROOT}/Manifest.lock",
			);
			name = "[CP] Check Pods Manifest.lock";
			outputFileListPaths = (
			);
			outputPaths = (
				"$(DERIVED_FILE_DIR)/Pods-MoviesTests-checkManifestLockResult.txt",
			);
			runOnlyForDeploymentPostprocessing = 0;
			shellPath = /bin/sh;
			shellScript = "diff \"${PODS_PODFILE_DIR_PATH}/Podfile.lock\" \"${PODS_ROOT}/Manifest.lock\" > /dev/null\nif [ $? != 0 ] ; then\n    # print error to STDERR\n    echo \"error: The sandbox is not in sync with the Podfile.lock. Run 'pod install' or update your CocoaPods installation.\" >&2\n    exit 1\nfi\n# This output is used by Xcode 'outputs' to avoid re-running this script phase.\necho \"SUCCESS\" > \"${SCRIPT_OUTPUT_FILE_0}\"\n";
			showEnvVarsInLog = 0;
		};
		3C056FFD9455DC1E426BC615 /* [CP] Check Pods Manifest.lock */ = {
			isa = PBXShellScriptBuildPhase;
			buildActionMask = 2147483647;
			files = (
			);
			inputFileListPaths = (
			);
			inputPaths = (
				"${PODS_PODFILE_DIR_PATH}/Podfile.lock",
				"${PODS_ROOT}/Manifest.lock",
			);
			name = "[CP] Check Pods Manifest.lock";
			outputFileListPaths = (
			);
			outputPaths = (
				"$(DERIVED_FILE_DIR)/Pods-MoviesUITests-checkManifestLockResult.txt",
			);
			runOnlyForDeploymentPostprocessing = 0;
			shellPath = /bin/sh;
			shellScript = "diff \"${PODS_PODFILE_DIR_PATH}/Podfile.lock\" \"${PODS_ROOT}/Manifest.lock\" > /dev/null\nif [ $? != 0 ] ; then\n    # print error to STDERR\n    echo \"error: The sandbox is not in sync with the Podfile.lock. Run 'pod install' or update your CocoaPods installation.\" >&2\n    exit 1\nfi\n# This output is used by Xcode 'outputs' to avoid re-running this script phase.\necho \"SUCCESS\" > \"${SCRIPT_OUTPUT_FILE_0}\"\n";
			showEnvVarsInLog = 0;
		};
		418F1BA245391AA8DFE34BE6 /* [CP] Check Pods Manifest.lock */ = {
			isa = PBXShellScriptBuildPhase;
			buildActionMask = 2147483647;
			files = (
			);
			inputFileListPaths = (
			);
			inputPaths = (
				"${PODS_PODFILE_DIR_PATH}/Podfile.lock",
				"${PODS_ROOT}/Manifest.lock",
			);
			name = "[CP] Check Pods Manifest.lock";
			outputFileListPaths = (
			);
			outputPaths = (
				"$(DERIVED_FILE_DIR)/Pods-Movies-checkManifestLockResult.txt",
			);
			runOnlyForDeploymentPostprocessing = 0;
			shellPath = /bin/sh;
			shellScript = "diff \"${PODS_PODFILE_DIR_PATH}/Podfile.lock\" \"${PODS_ROOT}/Manifest.lock\" > /dev/null\nif [ $? != 0 ] ; then\n    # print error to STDERR\n    echo \"error: The sandbox is not in sync with the Podfile.lock. Run 'pod install' or update your CocoaPods installation.\" >&2\n    exit 1\nfi\n# This output is used by Xcode 'outputs' to avoid re-running this script phase.\necho \"SUCCESS\" > \"${SCRIPT_OUTPUT_FILE_0}\"\n";
			showEnvVarsInLog = 0;
		};
		4A03D0BBEECF3E6A848683A4 /* [CP] Embed Pods Frameworks */ = {
			isa = PBXShellScriptBuildPhase;
			buildActionMask = 2147483647;
			files = (
			);
			inputFileListPaths = (
			);
			inputPaths = (
				"${SRCROOT}/Pods/Target Support Files/Pods-Movies/Pods-Movies-frameworks.sh",
				"${BUILT_PRODUCTS_DIR}/SnapKit/SnapKit.framework",
			);
			name = "[CP] Embed Pods Frameworks";
			outputFileListPaths = (
			);
			outputPaths = (
				"${TARGET_BUILD_DIR}/${FRAMEWORKS_FOLDER_PATH}/SnapKit.framework",
			);
			runOnlyForDeploymentPostprocessing = 0;
			shellPath = /bin/sh;
			shellScript = "\"${SRCROOT}/Pods/Target Support Files/Pods-Movies/Pods-Movies-frameworks.sh\"\n";
			showEnvVarsInLog = 0;
		};
/* End PBXShellScriptBuildPhase section */

/* Begin PBXSourcesBuildPhase section */
		223D32AE21FD2733005EA089 /* Sources */ = {
			isa = PBXSourcesBuildPhase;
			buildActionMask = 2147483647;
			files = (
				223D32E622041252005EA089 /* MovieDetailViewController.swift in Sources */,
				226214652224D39400C7265B /* RecieptViewController.swift in Sources */,
				226214612224C0C500C7265B /* MovieSelectionCard.swift in Sources */,
				223D32B821FD2733005EA089 /* LoginViewController.swift in Sources */,
				226214562224A61900C7265B /* CinemaOptionTableViewCell.swift in Sources */,
				226214632224CB4B00C7265B /* PayoutCard.swift in Sources */,
				22DEE06A2222111B00101661 /* MovieDetailCard.swift in Sources */,
				2262145D2224A9F500C7265B /* ShowTimeCollectionViewCell.swift in Sources */,
				2262144F222474F400C7265B /* DateOptionCollectionViewCell.swift in Sources */,
				223D32B621FD2733005EA089 /* AppDelegate.swift in Sources */,
				223D32E422028DAD005EA089 /* HomeViewController.swift in Sources */,
				2262145F2224B51900C7265B /* SelectSeatViewController.swift in Sources */,
			);
			runOnlyForDeploymentPostprocessing = 0;
		};
		223D32C221FD2736005EA089 /* Sources */ = {
			isa = PBXSourcesBuildPhase;
			buildActionMask = 2147483647;
			files = (
				223D32CB21FD2736005EA089 /* MoviesTests.swift in Sources */,
			);
			runOnlyForDeploymentPostprocessing = 0;
		};
		223D32CD21FD2737005EA089 /* Sources */ = {
			isa = PBXSourcesBuildPhase;
			buildActionMask = 2147483647;
			files = (
				223D32D621FD2737005EA089 /* MoviesUITests.swift in Sources */,
			);
			runOnlyForDeploymentPostprocessing = 0;
		};
/* End PBXSourcesBuildPhase section */

/* Begin PBXTargetDependency section */
		223D32C821FD2736005EA089 /* PBXTargetDependency */ = {
			isa = PBXTargetDependency;
			target = 223D32B121FD2733005EA089 /* Movies */;
			targetProxy = 223D32C721FD2736005EA089 /* PBXContainerItemProxy */;
		};
		223D32D321FD2737005EA089 /* PBXTargetDependency */ = {
			isa = PBXTargetDependency;
			target = 223D32B121FD2733005EA089 /* Movies */;
			targetProxy = 223D32D221FD2737005EA089 /* PBXContainerItemProxy */;
		};
/* End PBXTargetDependency section */

/* Begin PBXVariantGroup section */
		223D32BE21FD2736005EA089 /* LaunchScreen.storyboard */ = {
			isa = PBXVariantGroup;
			children = (
				223D32BF21FD2736005EA089 /* Base */,
			);
			name = LaunchScreen.storyboard;
			sourceTree = "<group>";
		};
/* End PBXVariantGroup section */

/* Begin XCBuildConfiguration section */
		223D32D821FD2737005EA089 /* Debug */ = {
			isa = XCBuildConfiguration;
			buildSettings = {
				ALWAYS_SEARCH_USER_PATHS = NO;
				CLANG_ANALYZER_NONNULL = YES;
				CLANG_ANALYZER_NUMBER_OBJECT_CONVERSION = YES_AGGRESSIVE;
				CLANG_CXX_LANGUAGE_STANDARD = "gnu++14";
				CLANG_CXX_LIBRARY = "libc++";
				CLANG_ENABLE_MODULES = YES;
				CLANG_ENABLE_OBJC_ARC = YES;
				CLANG_ENABLE_OBJC_WEAK = YES;
				CLANG_WARN_BLOCK_CAPTURE_AUTORELEASING = YES;
				CLANG_WARN_BOOL_CONVERSION = YES;
				CLANG_WARN_COMMA = YES;
				CLANG_WARN_CONSTANT_CONVERSION = YES;
				CLANG_WARN_DEPRECATED_OBJC_IMPLEMENTATIONS = YES;
				CLANG_WARN_DIRECT_OBJC_ISA_USAGE = YES_ERROR;
				CLANG_WARN_DOCUMENTATION_COMMENTS = YES;
				CLANG_WARN_EMPTY_BODY = YES;
				CLANG_WARN_ENUM_CONVERSION = YES;
				CLANG_WARN_INFINITE_RECURSION = YES;
				CLANG_WARN_INT_CONVERSION = YES;
				CLANG_WARN_NON_LITERAL_NULL_CONVERSION = YES;
				CLANG_WARN_OBJC_IMPLICIT_RETAIN_SELF = YES;
				CLANG_WARN_OBJC_LITERAL_CONVERSION = YES;
				CLANG_WARN_OBJC_ROOT_CLASS = YES_ERROR;
				CLANG_WARN_RANGE_LOOP_ANALYSIS = YES;
				CLANG_WARN_STRICT_PROTOTYPES = YES;
				CLANG_WARN_SUSPICIOUS_MOVE = YES;
				CLANG_WARN_UNGUARDED_AVAILABILITY = YES_AGGRESSIVE;
				CLANG_WARN_UNREACHABLE_CODE = YES;
				CLANG_WARN__DUPLICATE_METHOD_MATCH = YES;
				CODE_SIGN_IDENTITY = "iPhone Developer";
				COPY_PHASE_STRIP = NO;
				DEBUG_INFORMATION_FORMAT = dwarf;
				ENABLE_STRICT_OBJC_MSGSEND = YES;
				ENABLE_TESTABILITY = YES;
				GCC_C_LANGUAGE_STANDARD = gnu11;
				GCC_DYNAMIC_NO_PIC = NO;
				GCC_NO_COMMON_BLOCKS = YES;
				GCC_OPTIMIZATION_LEVEL = 0;
				GCC_PREPROCESSOR_DEFINITIONS = (
					"DEBUG=1",
					"$(inherited)",
				);
				GCC_WARN_64_TO_32_BIT_CONVERSION = YES;
				GCC_WARN_ABOUT_RETURN_TYPE = YES_ERROR;
				GCC_WARN_UNDECLARED_SELECTOR = YES;
				GCC_WARN_UNINITIALIZED_AUTOS = YES_AGGRESSIVE;
				GCC_WARN_UNUSED_FUNCTION = YES;
				GCC_WARN_UNUSED_VARIABLE = YES;
				IPHONEOS_DEPLOYMENT_TARGET = 12.1;
				MTL_ENABLE_DEBUG_INFO = INCLUDE_SOURCE;
				MTL_FAST_MATH = YES;
				ONLY_ACTIVE_ARCH = YES;
				SDKROOT = iphoneos;
				SWIFT_ACTIVE_COMPILATION_CONDITIONS = DEBUG;
				SWIFT_OPTIMIZATION_LEVEL = "-Onone";
			};
			name = Debug;
		};
		223D32D921FD2737005EA089 /* Release */ = {
			isa = XCBuildConfiguration;
			buildSettings = {
				ALWAYS_SEARCH_USER_PATHS = NO;
				CLANG_ANALYZER_NONNULL = YES;
				CLANG_ANALYZER_NUMBER_OBJECT_CONVERSION = YES_AGGRESSIVE;
				CLANG_CXX_LANGUAGE_STANDARD = "gnu++14";
				CLANG_CXX_LIBRARY = "libc++";
				CLANG_ENABLE_MODULES = YES;
				CLANG_ENABLE_OBJC_ARC = YES;
				CLANG_ENABLE_OBJC_WEAK = YES;
				CLANG_WARN_BLOCK_CAPTURE_AUTORELEASING = YES;
				CLANG_WARN_BOOL_CONVERSION = YES;
				CLANG_WARN_COMMA = YES;
				CLANG_WARN_CONSTANT_CONVERSION = YES;
				CLANG_WARN_DEPRECATED_OBJC_IMPLEMENTATIONS = YES;
				CLANG_WARN_DIRECT_OBJC_ISA_USAGE = YES_ERROR;
				CLANG_WARN_DOCUMENTATION_COMMENTS = YES;
				CLANG_WARN_EMPTY_BODY = YES;
				CLANG_WARN_ENUM_CONVERSION = YES;
				CLANG_WARN_INFINITE_RECURSION = YES;
				CLANG_WARN_INT_CONVERSION = YES;
				CLANG_WARN_NON_LITERAL_NULL_CONVERSION = YES;
				CLANG_WARN_OBJC_IMPLICIT_RETAIN_SELF = YES;
				CLANG_WARN_OBJC_LITERAL_CONVERSION = YES;
				CLANG_WARN_OBJC_ROOT_CLASS = YES_ERROR;
				CLANG_WARN_RANGE_LOOP_ANALYSIS = YES;
				CLANG_WARN_STRICT_PROTOTYPES = YES;
				CLANG_WARN_SUSPICIOUS_MOVE = YES;
				CLANG_WARN_UNGUARDED_AVAILABILITY = YES_AGGRESSIVE;
				CLANG_WARN_UNREACHABLE_CODE = YES;
				CLANG_WARN__DUPLICATE_METHOD_MATCH = YES;
				CODE_SIGN_IDENTITY = "iPhone Developer";
				COPY_PHASE_STRIP = NO;
				DEBUG_INFORMATION_FORMAT = "dwarf-with-dsym";
				ENABLE_NS_ASSERTIONS = NO;
				ENABLE_STRICT_OBJC_MSGSEND = YES;
				GCC_C_LANGUAGE_STANDARD = gnu11;
				GCC_NO_COMMON_BLOCKS = YES;
				GCC_WARN_64_TO_32_BIT_CONVERSION = YES;
				GCC_WARN_ABOUT_RETURN_TYPE = YES_ERROR;
				GCC_WARN_UNDECLARED_SELECTOR = YES;
				GCC_WARN_UNINITIALIZED_AUTOS = YES_AGGRESSIVE;
				GCC_WARN_UNUSED_FUNCTION = YES;
				GCC_WARN_UNUSED_VARIABLE = YES;
				IPHONEOS_DEPLOYMENT_TARGET = 12.1;
				MTL_ENABLE_DEBUG_INFO = NO;
				MTL_FAST_MATH = YES;
				SDKROOT = iphoneos;
				SWIFT_COMPILATION_MODE = wholemodule;
				SWIFT_OPTIMIZATION_LEVEL = "-O";
				VALIDATE_PRODUCT = YES;
			};
			name = Release;
		};
		223D32DB21FD2737005EA089 /* Debug */ = {
			isa = XCBuildConfiguration;
			baseConfigurationReference = 210469A2886CE2EAAC60A64E /* Pods-Movies.debug.xcconfig */;
			buildSettings = {
				ASSETCATALOG_COMPILER_APPICON_NAME = AppIcon;
				CODE_SIGN_STYLE = Automatic;
				DEVELOPMENT_TEAM = 524YAK9BG3;
				INFOPLIST_FILE = Movies/Info.plist;
				LD_RUNPATH_SEARCH_PATHS = (
					"$(inherited)",
					"@executable_path/Frameworks",
				);
				PRODUCT_BUNDLE_IDENTIFIER = "Erics-App.Movies";
				PRODUCT_NAME = "Eric-Movies";
				SWIFT_VERSION = 4.2;
				TARGETED_DEVICE_FAMILY = "1,2";
			};
			name = Debug;
		};
		223D32DC21FD2737005EA089 /* Release */ = {
			isa = XCBuildConfiguration;
			baseConfigurationReference = 6022A40F8889C96377023B21 /* Pods-Movies.release.xcconfig */;
			buildSettings = {
				ASSETCATALOG_COMPILER_APPICON_NAME = AppIcon;
				CODE_SIGN_STYLE = Automatic;
				DEVELOPMENT_TEAM = 524YAK9BG3;
				INFOPLIST_FILE = Movies/Info.plist;
				LD_RUNPATH_SEARCH_PATHS = (
					"$(inherited)",
					"@executable_path/Frameworks",
				);
				PRODUCT_BUNDLE_IDENTIFIER = "Erics-App.Movies";
				PRODUCT_NAME = "Eric-Movies";
				SWIFT_VERSION = 4.2;
				TARGETED_DEVICE_FAMILY = "1,2";
			};
			name = Release;
		};
		223D32DE21FD2737005EA089 /* Debug */ = {
			isa = XCBuildConfiguration;
			baseConfigurationReference = 5E7265A27E2D64F29FEEEA82 /* Pods-MoviesTests.debug.xcconfig */;
			buildSettings = {
				ALWAYS_EMBED_SWIFT_STANDARD_LIBRARIES = YES;
				BUNDLE_LOADER = "$(TEST_HOST)";
				CODE_SIGN_STYLE = Automatic;
				DEVELOPMENT_TEAM = 524YAK9BG3;
				INFOPLIST_FILE = MoviesTests/Info.plist;
				LD_RUNPATH_SEARCH_PATHS = (
					"$(inherited)",
					"@executable_path/Frameworks",
					"@loader_path/Frameworks",
				);
				PRODUCT_BUNDLE_IDENTIFIER = "Erics-App.MoviesTests";
				PRODUCT_NAME = "$(TARGET_NAME)";
				SWIFT_VERSION = 4.2;
				TARGETED_DEVICE_FAMILY = "1,2";
				TEST_HOST = "$(BUILT_PRODUCTS_DIR)/Movies.app/Movies";
			};
			name = Debug;
		};
		223D32DF21FD2737005EA089 /* Release */ = {
			isa = XCBuildConfiguration;
			baseConfigurationReference = DA2E83F5D3CE8C95410CB724 /* Pods-MoviesTests.release.xcconfig */;
			buildSettings = {
				ALWAYS_EMBED_SWIFT_STANDARD_LIBRARIES = YES;
				BUNDLE_LOADER = "$(TEST_HOST)";
				CODE_SIGN_STYLE = Automatic;
				DEVELOPMENT_TEAM = 524YAK9BG3;
				INFOPLIST_FILE = MoviesTests/Info.plist;
				LD_RUNPATH_SEARCH_PATHS = (
					"$(inherited)",
					"@executable_path/Frameworks",
					"@loader_path/Frameworks",
				);
				PRODUCT_BUNDLE_IDENTIFIER = "Erics-App.MoviesTests";
				PRODUCT_NAME = "$(TARGET_NAME)";
				SWIFT_VERSION = 4.2;
				TARGETED_DEVICE_FAMILY = "1,2";
				TEST_HOST = "$(BUILT_PRODUCTS_DIR)/Movies.app/Movies";
			};
			name = Release;
		};
		223D32E121FD2737005EA089 /* Debug */ = {
			isa = XCBuildConfiguration;
			baseConfigurationReference = DD368F0979881856F6691556 /* Pods-MoviesUITests.debug.xcconfig */;
			buildSettings = {
				ALWAYS_EMBED_SWIFT_STANDARD_LIBRARIES = YES;
				CODE_SIGN_STYLE = Automatic;
				DEVELOPMENT_TEAM = 524YAK9BG3;
				INFOPLIST_FILE = MoviesUITests/Info.plist;
				LD_RUNPATH_SEARCH_PATHS = (
					"$(inherited)",
					"@executable_path/Frameworks",
					"@loader_path/Frameworks",
				);
				PRODUCT_BUNDLE_IDENTIFIER = "Erics-App.MoviesUITests";
				PRODUCT_NAME = "$(TARGET_NAME)";
				SWIFT_VERSION = 4.2;
				TARGETED_DEVICE_FAMILY = "1,2";
				TEST_TARGET_NAME = Movies;
			};
			name = Debug;
		};
		223D32E221FD2737005EA089 /* Release */ = {
			isa = XCBuildConfiguration;
			baseConfigurationReference = 91FEC5000C300EBE2AB6EF44 /* Pods-MoviesUITests.release.xcconfig */;
			buildSettings = {
				ALWAYS_EMBED_SWIFT_STANDARD_LIBRARIES = YES;
				CODE_SIGN_STYLE = Automatic;
				DEVELOPMENT_TEAM = 524YAK9BG3;
				INFOPLIST_FILE = MoviesUITests/Info.plist;
				LD_RUNPATH_SEARCH_PATHS = (
					"$(inherited)",
					"@executable_path/Frameworks",
					"@loader_path/Frameworks",
				);
				PRODUCT_BUNDLE_IDENTIFIER = "Erics-App.MoviesUITests";
				PRODUCT_NAME = "$(TARGET_NAME)";
				SWIFT_VERSION = 4.2;
				TARGETED_DEVICE_FAMILY = "1,2";
				TEST_TARGET_NAME = Movies;
			};
			name = Release;
		};
/* End XCBuildConfiguration section */

/* Begin XCConfigurationList section */
		223D32AD21FD2733005EA089 /* Build configuration list for PBXProject "Movies" */ = {
			isa = XCConfigurationList;
			buildConfigurations = (
				223D32D821FD2737005EA089 /* Debug */,
				223D32D921FD2737005EA089 /* Release */,
			);
			defaultConfigurationIsVisible = 0;
			defaultConfigurationName = Release;
		};
		223D32DA21FD2737005EA089 /* Build configuration list for PBXNativeTarget "Movies" */ = {
			isa = XCConfigurationList;
			buildConfigurations = (
				223D32DB21FD2737005EA089 /* Debug */,
				223D32DC21FD2737005EA089 /* Release */,
			);
			defaultConfigurationIsVisible = 0;
			defaultConfigurationName = Release;
		};
		223D32DD21FD2737005EA089 /* Build configuration list for PBXNativeTarget "MoviesTests" */ = {
			isa = XCConfigurationList;
			buildConfigurations = (
				223D32DE21FD2737005EA089 /* Debug */,
				223D32DF21FD2737005EA089 /* Release */,
			);
			defaultConfigurationIsVisible = 0;
			defaultConfigurationName = Release;
		};
		223D32E021FD2737005EA089 /* Build configuration list for PBXNativeTarget "MoviesUITests" */ = {
			isa = XCConfigurationList;
			buildConfigurations = (
				223D32E121FD2737005EA089 /* Debug */,
				223D32E221FD2737005EA089 /* Release */,
			);
			defaultConfigurationIsVisible = 0;
			defaultConfigurationName = Release;
		};
/* End XCConfigurationList section */
	};
	rootObject = 223D32AA21FD2733005EA089 /* Project object */;
}
