// !$*UTF8*$!
{
	archiveVersion = 1;
	classes = {
	};
	objectVersion = 50;
	objects = {

/* Begin PBXBuildFile section */
		223D32B621FD2733005EA089 /* AppDelegate.swift in Sources */ = {isa = PBXBuildFile; fileRef = 223D32B521FD2733005EA089 /* AppDelegate.swift */; };
		223D32B821FD2733005EA089 /* ViewController.swift in Sources */ = {isa = PBXBuildFile; fileRef = 223D32B721FD2733005EA089 /* ViewController.swift */; };
		223D32BB21FD2733005EA089 /* Main.storyboard in Resources */ = {isa = PBXBuildFile; fileRef = 223D32B921FD2733005EA089 /* Main.storyboard */; };
		223D32BD21FD2736005EA089 /* Assets.xcassets in Resources */ = {isa = PBXBuildFile; fileRef = 223D32BC21FD2736005EA089 /* Assets.xcassets */; };
		223D32C021FD2736005EA089 /* LaunchScreen.storyboard in Resources */ = {isa = PBXBuildFile; fileRef = 223D32BE21FD2736005EA089 /* LaunchScreen.storyboard */; };
		223D32CB21FD2736005EA089 /* MoviesTests.swift in Sources */ = {isa = PBXBuildFile; fileRef = 223D32CA21FD2736005EA089 /* MoviesTests.swift */; };
		223D32D621FD2737005EA089 /* MoviesUITests.swift in Sources */ = {isa = PBXBuildFile; fileRef = 223D32D521FD2737005EA089 /* MoviesUITests.swift */; };
/* End PBXBuildFile section */

/* Begin PBXContainerItemProxy section */
		223D32C721FD2736005EA089 /* PBXContainerItemProxy */ = {
			isa = PBXContainerItemProxy;
			containerPortal = 223D32AA21FD2733005EA089 /* Project object */;
			proxyType = 1;
			remoteGlobalIDString = 223D32B121FD2733005EA089;
			remoteInfo = Movies;
		};
		223D32D221FD2737005EA089 /* PBXContainerItemProxy */ = {
			isa = PBXContainerItemProxy;
			containerPortal = 223D32AA21FD2733005EA089 /* Project object */;
			proxyType = 1;
			remoteGlobalIDString = 223D32B121FD2733005EA089;
			remoteInfo = Movies;
		};
/* End PBXContainerItemProxy section */

/* Begin PBXFileReference section */
		223D32B221FD2733005EA089 /* Movies.app */ = {isa = PBXFileReference; explicitFileType = wrapper.application; includeInIndex = 0; path = Movies.app; sourceTree = BUILT_PRODUCTS_DIR; };
		223D32B521FD2733005EA089 /* AppDelegate.swift */ = {isa = PBXFileReference; lastKnownFileType = sourcecode.swift; path = AppDelegate.swift; sourceTree = "<group>"; };
		223D32B721FD2733005EA089 /* ViewController.swift */ = {isa = PBXFileReference; lastKnownFileType = sourcecode.swift; path = ViewController.swift; sourceTree = "<group>"; };
		223D32BA21FD2733005EA089 /* Base */ = {isa = PBXFileReference; lastKnownFileType = file.storyboard; name = Base; path = Base.lproj/Main.storyboard; sourceTree = "<group>"; };
		223D32BC21FD2736005EA089 /* Assets.xcassets */ = {isa = PBXFileReference; lastKnownFileType = folder.assetcatalog; path = Assets.xcassets; sourceTree = "<group>"; };
		223D32BF21FD2736005EA089 /* Base */ = {isa = PBXFileReference; lastKnownFileType = file.storyboard; name = Base; path = Base.lproj/LaunchScreen.storyboard; sourceTree = "<group>"; };
		223D32C121FD2736005EA089 /* Info.plist */ = {isa = PBXFileReference; lastKnownFileType = text.plist.xml; path = Info.plist; sourceTree = "<group>"; };
		223D32C621FD2736005EA089 /* MoviesTests.xctest */ = {isa = PBXFileReference; explicitFileType = wrapper.cfbundle; includeInIndex = 0; path = MoviesTests.xctest; sourceTree = BUILT_PRODUCTS_DIR; };
		223D32CA21FD2736005EA089 /* MoviesTests.swift */ = {isa = PBXFileReference; lastKnownFileType = sourcecode.swift; path = MoviesTests.swift; sourceTree = "<group>"; };
		223D32CC21FD2737005EA089 /* Info.plist */ = {isa = PBXFileReference; lastKnownFileType = text.plist.xml; path = Info.plist; sourceTree = "<group>"; };
		223D32D121FD2737005EA089 /* MoviesUITests.xctest */ = {isa = PBXFileReference; explicitFileType = wrapper.cfbundle; includeInIndex = 0; path = MoviesUITests.xctest; sourceTree = BUILT_PRODUCTS_DIR; };
		223D32D521FD2737005EA089 /* MoviesUITests.swift */ = {isa = PBXFileReference; lastKnownFileType = sourcecode.swift; path = MoviesUITests.swift; sourceTree = "<group>"; };
		223D32D721FD2737005EA089 /* Info.plist */ = {isa = PBXFileReference; lastKnownFileType = text.plist.xml; path = Info.plist; sourceTree = "<group>"; };
/* End PBXFileReference section */

/* Begin PBXFrameworksBuildPhase section */
		223D32AF21FD2733005EA089 /* Frameworks */ = {
			isa = PBXFrameworksBuildPhase;
			buildActionMask = 2147483647;
			files = (
			);
			runOnlyForDeploymentPostprocessing = 0;
		};
		223D32C321FD2736005EA089 /* Frameworks */ = {
			isa = PBXFrameworksBuildPhase;
			buildActionMask = 2147483647;
			files = (
			);
			runOnlyForDeploymentPostprocessing = 0;
		};
		223D32CE21FD2737005EA089 /* Frameworks */ = {
			isa = PBXFrameworksBuildPhase;
			buildActionMask = 2147483647;
			files = (
			);
			runOnlyForDeploymentPostprocessing = 0;
		};
/* End PBXFrameworksBuildPhase section */

/* Begin PBXGroup section */
		223D32A921FD2733005EA089 = {
			isa = PBXGroup;
			children = (
				223D32B421FD2733005EA089 /* Movies */,
				223D32C921FD2736005EA089 /* MoviesTests */,
				223D32D421FD2737005EA089 /* MoviesUITests */,
				223D32B321FD2733005EA089 /* Products */,
			);
			sourceTree = "<group>";
		};
		223D32B321FD2733005EA089 /* Products */ = {
			isa = PBXGroup;
			children = (
				223D32B221FD2733005EA089 /* Movies.app */,
				223D32C621FD2736005EA089 /* MoviesTests.xctest */,
				223D32D121FD2737005EA089 /* MoviesUITests.xctest */,
			);
			name = Products;
			sourceTree = "<group>";
		};
		223D32B421FD2733005EA089 /* Movies */ = {
			isa = PBXGroup;
			children = (
				223D32B521FD2733005EA089 /* AppDelegate.swift */,
				223D32B721FD2733005EA089 /* ViewController.swift */,
				223D32B921FD2733005EA089 /* Main.storyboard */,
				223D32BC21FD2736005EA089 /* Assets.xcassets */,
				223D32BE21FD2736005EA089 /* LaunchScreen.storyboard */,
				223D32C121FD2736005EA089 /* Info.plist */,
			);
			path = Movies;
			sourceTree = "<group>";
		};
		223D32C921FD2736005EA089 /* MoviesTests */ = {
			isa = PBXGroup;
			children = (
				223D32CA21FD2736005EA089 /* MoviesTests.swift */,
				223D32CC21FD2737005EA089 /* Info.plist */,
			);
			path = MoviesTests;
			sourceTree = "<group>";
		};
		223D32D421FD2737005EA089 /* MoviesUITests */ = {
			isa = PBXGroup;
			children = (
				223D32D521FD2737005EA089 /* MoviesUITests.swift */,
				223D32D721FD2737005EA089 /* Info.plist */,
			);
			path = MoviesUITests;
			sourceTree = "<group>";
		};
/* End PBXGroup section */

/* Begin PBXNativeTarget section */
		223D32B121FD2733005EA089 /* Movies */ = {
			isa = PBXNativeTarget;
			buildConfigurationList = 223D32DA21FD2737005EA089 /* Build configuration list for PBXNativeTarget "Movies" */;
			buildPhases = (
				223D32AE21FD2733005EA089 /* Sources */,
				223D32AF21FD2733005EA089 /* Frameworks */,
				223D32B021FD2733005EA089 /* Resources */,
			);
			buildRules = (
			);
			dependencies = (
			);
			name = Movies;
			productName = Movies;
			productReference = 223D32B221FD2733005EA089 /* Movies.app */;
			productType = "com.apple.product-type.application";
		};
		223D32C521FD2736005EA089 /* MoviesTests */ = {
			isa = PBXNativeTarget;
			buildConfigurationList = 223D32DD21FD2737005EA089 /* Build configuration list for PBXNativeTarget "MoviesTests" */;
			buildPhases = (
				223D32C221FD2736005EA089 /* Sources */,
				223D32C321FD2736005EA089 /* Frameworks */,
				223D32C421FD2736005EA089 /* Resources */,
			);
			buildRules = (
			);
			dependencies = (
				223D32C821FD2736005EA089 /* PBXTargetDependency */,
			);
			name = MoviesTests;
			productName = MoviesTests;
			productReference = 223D32C621FD2736005EA089 /* MoviesTests.xctest */;
			productType = "com.apple.product-type.bundle.unit-test";
		};
		223D32D021FD2737005EA089 /* MoviesUITests */ = {
			isa = PBXNativeTarget;
			buildConfigurationList = 223D32E021FD2737005EA089 /* Build configuration list for PBXNativeTarget "MoviesUITests" */;
			buildPhases = (
				223D32CD21FD2737005EA089 /* Sources */,
				223D32CE21FD2737005EA089 /* Frameworks */,
				223D32CF21FD2737005EA089 /* Resources */,
			);
			buildRules = (
			);
			dependencies = (
				223D32D321FD2737005EA089 /* PBXTargetDependency */,
			);
			name = MoviesUITests;
			productName = MoviesUITests;
			productReference = 223D32D121FD2737005EA089 /* MoviesUITests.xctest */;
			productType = "com.apple.product-type.bundle.ui-testing";
		};
/* End PBXNativeTarget section */

/* Begin PBXProject section */
		223D32AA21FD2733005EA089 /* Project object */ = {
			isa = PBXProject;
			attributes = {
				LastSwiftUpdateCheck = 1010;
				LastUpgradeCheck = 1010;
				ORGANIZATIONNAME = "Omar Rasheed";
				TargetAttributes = {
					223D32B121FD2733005EA089 = {
						CreatedOnToolsVersion = 10.1;
					};
					223D32C521FD2736005EA089 = {
						CreatedOnToolsVersion = 10.1;
						TestTargetID = 223D32B121FD2733005EA089;
					};
					223D32D021FD2737005EA089 = {
						CreatedOnToolsVersion = 10.1;
						TestTargetID = 223D32B121FD2733005EA089;
					};
				};
			};
			buildConfigurationList = 223D32AD21FD2733005EA089 /* Build configuration list for PBXProject "Movies" */;
			compatibilityVersion = "Xcode 9.3";
			developmentRegion = en;
			hasScannedForEncodings = 0;
			knownRegions = (
				en,
				Base,
			);
			mainGroup = 223D32A921FD2733005EA089;
			productRefGroup = 223D32B321FD2733005EA089 /* Products */;
			projectDirPath = "";
			projectRoot = "";
			targets = (
				223D32B121FD2733005EA089 /* Movies */,
				223D32C521FD2736005EA089 /* MoviesTests */,
				223D32D021FD2737005EA089 /* MoviesUITests */,
			);
		};
/* End PBXProject section */

/* Begin PBXResourcesBuildPhase section */
		223D32B021FD2733005EA089 /* Resources */ = {
			isa = PBXResourcesBuildPhase;
			buildActionMask = 2147483647;
			files = (
				223D32C021FD2736005EA089 /* LaunchScreen.storyboard in Resources */,
				223D32BD21FD2736005EA089 /* Assets.xcassets in Resources */,
				223D32BB21FD2733005EA089 /* Main.storyboard in Resources */,
			);
			runOnlyForDeploymentPostprocessing = 0;
		};
		223D32C421FD2736005EA089 /* Resources */ = {
			isa = PBXResourcesBuildPhase;
			buildActionMask = 2147483647;
			files = (
			);
			runOnlyForDeploymentPostprocessing = 0;
		};
		223D32CF21FD2737005EA089 /* Resources */ = {
			isa = PBXResourcesBuildPhase;
			buildActionMask = 2147483647;
			files = (
			);
			runOnlyForDeploymentPostprocessing = 0;
		};
/* End PBXResourcesBuildPhase section */

/* Begin PBXSourcesBuildPhase section */
		223D32AE21FD2733005EA089 /* Sources */ = {
			isa = PBXSourcesBuildPhase;
			buildActionMask = 2147483647;
			files = (
				223D32B821FD2733005EA089 /* ViewController.swift in Sources */,
				223D32B621FD2733005EA089 /* AppDelegate.swift in Sources */,
			);
			runOnlyForDeploymentPostprocessing = 0;
		};
		223D32C221FD2736005EA089 /* Sources */ = {
			isa = PBXSourcesBuildPhase;
			buildActionMask = 2147483647;
			files = (
				223D32CB21FD2736005EA089 /* MoviesTests.swift in Sources */,
			);
			runOnlyForDeploymentPostprocessing = 0;
		};
		223D32CD21FD2737005EA089 /* Sources */ = {
			isa = PBXSourcesBuildPhase;
			buildActionMask = 2147483647;
			files = (
				223D32D621FD2737005EA089 /* MoviesUITests.swift in Sources */,
			);
			runOnlyForDeploymentPostprocessing = 0;
		};
/* End PBXSourcesBuildPhase section */

/* Begin PBXTargetDependency section */
		223D32C821FD2736005EA089 /* PBXTargetDependency */ = {
			isa = PBXTargetDependency;
			target = 223D32B121FD2733005EA089 /* Movies */;
			targetProxy = 223D32C721FD2736005EA089 /* PBXContainerItemProxy */;
		};
		223D32D321FD2737005EA089 /* PBXTargetDependency */ = {
			isa = PBXTargetDependency;
			target = 223D32B121FD2733005EA089 /* Movies */;
			targetProxy = 223D32D221FD2737005EA089 /* PBXContainerItemProxy */;
		};
/* End PBXTargetDependency section */

/* Begin PBXVariantGroup section */
		223D32B921FD2733005EA089 /* Main.storyboard */ = {
			isa = PBXVariantGroup;
			children = (
				223D32BA21FD2733005EA089 /* Base */,
			);
			name = Main.storyboard;
			sourceTree = "<group>";
		};
		223D32BE21FD2736005EA089 /* LaunchScreen.storyboard */ = {
			isa = PBXVariantGroup;
			children = (
				223D32BF21FD2736005EA089 /* Base */,
			);
			name = LaunchScreen.storyboard;
			sourceTree = "<group>";
		};
/* End PBXVariantGroup section */

/* Begin XCBuildConfiguration section */
		223D32D821FD2737005EA089 /* Debug */ = {
			isa = XCBuildConfiguration;
			buildSettings = {
				ALWAYS_SEARCH_USER_PATHS = NO;
				CLANG_ANALYZER_NONNULL = YES;
				CLANG_ANALYZER_NUMBER_OBJECT_CONVERSION = YES_AGGRESSIVE;
				CLANG_CXX_LANGUAGE_STANDARD = "gnu++14";
				CLANG_CXX_LIBRARY = "libc++";
				CLANG_ENABLE_MODULES = YES;
				CLANG_ENABLE_OBJC_ARC = YES;
				CLANG_ENABLE_OBJC_WEAK = YES;
				CLANG_WARN_BLOCK_CAPTURE_AUTORELEASING = YES;
				CLANG_WARN_BOOL_CONVERSION = YES;
				CLANG_WARN_COMMA = YES;
				CLANG_WARN_CONSTANT_CONVERSION = YES;
				CLANG_WARN_DEPRECATED_OBJC_IMPLEMENTATIONS = YES;
				CLANG_WARN_DIRECT_OBJC_ISA_USAGE = YES_ERROR;
				CLANG_WARN_DOCUMENTATION_COMMENTS = YES;
				CLANG_WARN_EMPTY_BODY = YES;
				CLANG_WARN_ENUM_CONVERSION = YES;
				CLANG_WARN_INFINITE_RECURSION = YES;
				CLANG_WARN_INT_CONVERSION = YES;
				CLANG_WARN_NON_LITERAL_NULL_CONVERSION = YES;
				CLANG_WARN_OBJC_IMPLICIT_RETAIN_SELF = YES;
				CLANG_WARN_OBJC_LITERAL_CONVERSION = YES;
				CLANG_WARN_OBJC_ROOT_CLASS = YES_ERROR;
				CLANG_WARN_RANGE_LOOP_ANALYSIS = YES;
				CLANG_WARN_STRICT_PROTOTYPES = YES;
				CLANG_WARN_SUSPICIOUS_MOVE = YES;
				CLANG_WARN_UNGUARDED_AVAILABILITY = YES_AGGRESSIVE;
				CLANG_WARN_UNREACHABLE_CODE = YES;
				CLANG_WARN__DUPLICATE_METHOD_MATCH = YES;
				CODE_SIGN_IDENTITY = "iPhone Developer";
				COPY_PHASE_STRIP = NO;
				DEBUG_INFORMATION_FORMAT = dwarf;
				ENABLE_STRICT_OBJC_MSGSEND = YES;
				ENABLE_TESTABILITY = YES;
				GCC_C_LANGUAGE_STANDARD = gnu11;
				GCC_DYNAMIC_NO_PIC = NO;
				GCC_NO_COMMON_BLOCKS = YES;
				GCC_OPTIMIZATION_LEVEL = 0;
				GCC_PREPROCESSOR_DEFINITIONS = (
					"DEBUG=1",
					"$(inherited)",
				);
				GCC_WARN_64_TO_32_BIT_CONVERSION = YES;
				GCC_WARN_ABOUT_RETURN_TYPE = YES_ERROR;
				GCC_WARN_UNDECLARED_SELECTOR = YES;
				GCC_WARN_UNINITIALIZED_AUTOS = YES_AGGRESSIVE;
				GCC_WARN_UNUSED_FUNCTION = YES;
				GCC_WARN_UNUSED_VARIABLE = YES;
				IPHONEOS_DEPLOYMENT_TARGET = 12.1;
				MTL_ENABLE_DEBUG_INFO = INCLUDE_SOURCE;
				MTL_FAST_MATH = YES;
				ONLY_ACTIVE_ARCH = YES;
				SDKROOT = iphoneos;
				SWIFT_ACTIVE_COMPILATION_CONDITIONS = DEBUG;
				SWIFT_OPTIMIZATION_LEVEL = "-Onone";
			};
			name = Debug;
		};
		223D32D921FD2737005EA089 /* Release */ = {
			isa = XCBuildConfiguration;
			buildSettings = {
				ALWAYS_SEARCH_USER_PATHS = NO;
				CLANG_ANALYZER_NONNULL = YES;
				CLANG_ANALYZER_NUMBER_OBJECT_CONVERSION = YES_AGGRESSIVE;
				CLANG_CXX_LANGUAGE_STANDARD = "gnu++14";
				CLANG_CXX_LIBRARY = "libc++";
				CLANG_ENABLE_MODULES = YES;
				CLANG_ENABLE_OBJC_ARC = YES;
				CLANG_ENABLE_OBJC_WEAK = YES;
				CLANG_WARN_BLOCK_CAPTURE_AUTORELEASING = YES;
				CLANG_WARN_BOOL_CONVERSION = YES;
				CLANG_WARN_COMMA = YES;
				CLANG_WARN_CONSTANT_CONVERSION = YES;
				CLANG_WARN_DEPRECATED_OBJC_IMPLEMENTATIONS = YES;
				CLANG_WARN_DIRECT_OBJC_ISA_USAGE = YES_ERROR;
				CLANG_WARN_DOCUMENTATION_COMMENTS = YES;
				CLANG_WARN_EMPTY_BODY = YES;
				CLANG_WARN_ENUM_CONVERSION = YES;
				CLANG_WARN_INFINITE_RECURSION = YES;
				CLANG_WARN_INT_CONVERSION = YES;
				CLANG_WARN_NON_LITERAL_NULL_CONVERSION = YES;
				CLANG_WARN_OBJC_IMPLICIT_RETAIN_SELF = YES;
				CLANG_WARN_OBJC_LITERAL_CONVERSION = YES;
				CLANG_WARN_OBJC_ROOT_CLASS = YES_ERROR;
				CLANG_WARN_RANGE_LOOP_ANALYSIS = YES;
				CLANG_WARN_STRICT_PROTOTYPES = YES;
				CLANG_WARN_SUSPICIOUS_MOVE = YES;
				CLANG_WARN_UNGUARDED_AVAILABILITY = YES_AGGRESSIVE;
				CLANG_WARN_UNREACHABLE_CODE = YES;
				CLANG_WARN__DUPLICATE_METHOD_MATCH = YES;
				CODE_SIGN_IDENTITY = "iPhone Developer";
				COPY_PHASE_STRIP = NO;
				DEBUG_INFORMATION_FORMAT = "dwarf-with-dsym";
				ENABLE_NS_ASSERTIONS = NO;
				ENABLE_STRICT_OBJC_MSGSEND = YES;
				GCC_C_LANGUAGE_STANDARD = gnu11;
				GCC_NO_COMMON_BLOCKS = YES;
				GCC_WARN_64_TO_32_BIT_CONVERSION = YES;
				GCC_WARN_ABOUT_RETURN_TYPE = YES_ERROR;
				GCC_WARN_UNDECLARED_SELECTOR = YES;
				GCC_WARN_UNINITIALIZED_AUTOS = YES_AGGRESSIVE;
				GCC_WARN_UNUSED_FUNCTION = YES;
				GCC_WARN_UNUSED_VARIABLE = YES;
				IPHONEOS_DEPLOYMENT_TARGET = 12.1;
				MTL_ENABLE_DEBUG_INFO = NO;
				MTL_FAST_MATH = YES;
				SDKROOT = iphoneos;
				SWIFT_COMPILATION_MODE = wholemodule;
				SWIFT_OPTIMIZATION_LEVEL = "-O";
				VALIDATE_PRODUCT = YES;
			};
			name = Release;
		};
		223D32DB21FD2737005EA089 /* Debug */ = {
			isa = XCBuildConfiguration;
			buildSettings = {
				ASSETCATALOG_COMPILER_APPICON_NAME = AppIcon;
				CODE_SIGN_STYLE = Automatic;
				DEVELOPMENT_TEAM = 524YAK9BG3;
				INFOPLIST_FILE = Movies/Info.plist;
				LD_RUNPATH_SEARCH_PATHS = (
					"$(inherited)",
					"@executable_path/Frameworks",
				);
				PRODUCT_BUNDLE_IDENTIFIER = "Erics-App.Movies";
				PRODUCT_NAME = "$(TARGET_NAME)";
				SWIFT_VERSION = 4.2;
				TARGETED_DEVICE_FAMILY = "1,2";
			};
			name = Debug;
		};
		223D32DC21FD2737005EA089 /* Release */ = {
			isa = XCBuildConfiguration;
			buildSettings = {
				ASSETCATALOG_COMPILER_APPICON_NAME = AppIcon;
				CODE_SIGN_STYLE = Automatic;
				DEVELOPMENT_TEAM = 524YAK9BG3;
				INFOPLIST_FILE = Movies/Info.plist;
				LD_RUNPATH_SEARCH_PATHS = (
					"$(inherited)",
					"@executable_path/Frameworks",
				);
				PRODUCT_BUNDLE_IDENTIFIER = "Erics-App.Movies";
				PRODUCT_NAME = "$(TARGET_NAME)";
				SWIFT_VERSION = 4.2;
				TARGETED_DEVICE_FAMILY = "1,2";
			};
			name = Release;
		};
		223D32DE21FD2737005EA089 /* Debug */ = {
			isa = XCBuildConfiguration;
			buildSettings = {
				ALWAYS_EMBED_SWIFT_STANDARD_LIBRARIES = YES;
				BUNDLE_LOADER = "$(TEST_HOST)";
				CODE_SIGN_STYLE = Automatic;
				DEVELOPMENT_TEAM = 524YAK9BG3;
				INFOPLIST_FILE = MoviesTests/Info.plist;
				LD_RUNPATH_SEARCH_PATHS = (
					"$(inherited)",
					"@executable_path/Frameworks",
					"@loader_path/Frameworks",
				);
				PRODUCT_BUNDLE_IDENTIFIER = "Erics-App.MoviesTests";
				PRODUCT_NAME = "$(TARGET_NAME)";
				SWIFT_VERSION = 4.2;
				TARGETED_DEVICE_FAMILY = "1,2";
				TEST_HOST = "$(BUILT_PRODUCTS_DIR)/Movies.app/Movies";
			};
			name = Debug;
		};
		223D32DF21FD2737005EA089 /* Release */ = {
			isa = XCBuildConfiguration;
			buildSettings = {
				ALWAYS_EMBED_SWIFT_STANDARD_LIBRARIES = YES;
				BUNDLE_LOADER = "$(TEST_HOST)";
				CODE_SIGN_STYLE = Automatic;
				DEVELOPMENT_TEAM = 524YAK9BG3;
				INFOPLIST_FILE = MoviesTests/Info.plist;
				LD_RUNPATH_SEARCH_PATHS = (
					"$(inherited)",
					"@executable_path/Frameworks",
					"@loader_path/Frameworks",
				);
				PRODUCT_BUNDLE_IDENTIFIER = "Erics-App.MoviesTests";
				PRODUCT_NAME = "$(TARGET_NAME)";
				SWIFT_VERSION = 4.2;
				TARGETED_DEVICE_FAMILY = "1,2";
				TEST_HOST = "$(BUILT_PRODUCTS_DIR)/Movies.app/Movies";
			};
			name = Release;
		};
		223D32E121FD2737005EA089 /* Debug */ = {
			isa = XCBuildConfiguration;
			buildSettings = {
				ALWAYS_EMBED_SWIFT_STANDARD_LIBRARIES = YES;
				CODE_SIGN_STYLE = Automatic;
				DEVELOPMENT_TEAM = 524YAK9BG3;
				INFOPLIST_FILE = MoviesUITests/Info.plist;
				LD_RUNPATH_SEARCH_PATHS = (
					"$(inherited)",
					"@executable_path/Frameworks",
					"@loader_path/Frameworks",
				);
				PRODUCT_BUNDLE_IDENTIFIER = "Erics-App.MoviesUITests";
				PRODUCT_NAME = "$(TARGET_NAME)";
				SWIFT_VERSION = 4.2;
				TARGETED_DEVICE_FAMILY = "1,2";
				TEST_TARGET_NAME = Movies;
			};
			name = Debug;
		};
		223D32E221FD2737005EA089 /* Release */ = {
			isa = XCBuildConfiguration;
			buildSettings = {
				ALWAYS_EMBED_SWIFT_STANDARD_LIBRARIES = YES;
				CODE_SIGN_STYLE = Automatic;
				DEVELOPMENT_TEAM = 524YAK9BG3;
				INFOPLIST_FILE = MoviesUITests/Info.plist;
				LD_RUNPATH_SEARCH_PATHS = (
					"$(inherited)",
					"@executable_path/Frameworks",
					"@loader_path/Frameworks",
				);
				PRODUCT_BUNDLE_IDENTIFIER = "Erics-App.MoviesUITests";
				PRODUCT_NAME = "$(TARGET_NAME)";
				SWIFT_VERSION = 4.2;
				TARGETED_DEVICE_FAMILY = "1,2";
				TEST_TARGET_NAME = Movies;
			};
			name = Release;
		};
/* End XCBuildConfiguration section */

/* Begin XCConfigurationList section */
		223D32AD21FD2733005EA089 /* Build configuration list for PBXProject "Movies" */ = {
			isa = XCConfigurationList;
			buildConfigurations = (
				223D32D821FD2737005EA089 /* Debug */,
				223D32D921FD2737005EA089 /* Release */,
			);
			defaultConfigurationIsVisible = 0;
			defaultConfigurationName = Release;
		};
		223D32DA21FD2737005EA089 /* Build configuration list for PBXNativeTarget "Movies" */ = {
			isa = XCConfigurationList;
			buildConfigurations = (
				223D32DB21FD2737005EA089 /* Debug */,
				223D32DC21FD2737005EA089 /* Release */,
			);
			defaultConfigurationIsVisible = 0;
			defaultConfigurationName = Release;
		};
		223D32DD21FD2737005EA089 /* Build configuration list for PBXNativeTarget "MoviesTests" */ = {
			isa = XCConfigurationList;
			buildConfigurations = (
				223D32DE21FD2737005EA089 /* Debug */,
				223D32DF21FD2737005EA089 /* Release */,
			);
			defaultConfigurationIsVisible = 0;
			defaultConfigurationName = Release;
		};
		223D32E021FD2737005EA089 /* Build configuration list for PBXNativeTarget "MoviesUITests" */ = {
			isa = XCConfigurationList;
			buildConfigurations = (
				223D32E121FD2737005EA089 /* Debug */,
				223D32E221FD2737005EA089 /* Release */,
			);
			defaultConfigurationIsVisible = 0;
			defaultConfigurationName = Release;
		};
/* End XCConfigurationList section */
	};
	rootObject = 223D32AA21FD2733005EA089 /* Project object */;
}
